
Microsoft Visual Studio Solution File, Format Version 12.00
# Visual Studio Version 16
VisualStudioVersion = 16.0.31105.61
MinimumVisualStudioVersion = 10.0.40219.1
Project("{FAE04EC0-301F-11D3-BF4B-00C04F79EFBC}") = "Core", "Core\Core.csproj", "{FE88E92D-1DB9-4C2F-A58D-EB9381018AAD}"
EndProject
Project("{FAE04EC0-301F-11D3-BF4B-00C04F79EFBC}") = "DataAccess", "DataAccess\DataAccess.csproj", "{967D2EC0-A49F-4554-9772-A50C38AE5CDB}"
EndProject
Project("{FAE04EC0-301F-11D3-BF4B-00C04F79EFBC}") = "Entities", "Entities\Entities.csproj", "{3F894C07-6CB8-4E67-B7C0-B8BFB87E62AA}"
EndProject
Project("{FAE04EC0-301F-11D3-BF4B-00C04F79EFBC}") = "ConsoleUI", "ConsoleUI\ConsoleUI.csproj", "{3936453E-97FE-4130-80B3-742F55FC8E5F}"
EndProject
Project("{FAE04EC0-301F-11D3-BF4B-00C04F79EFBC}") = "Business", "Business\Business.csproj", "{39E5391D-830E-4136-9C26-1FD9909E4B5D}"
EndProject
Global
	GlobalSection(SolutionConfigurationPlatforms) = preSolution
		Debug|Any CPU = Debug|Any CPU
		Release|Any CPU = Release|Any CPU
	EndGlobalSection
	GlobalSection(ProjectConfigurationPlatforms) = postSolution
		{FE88E92D-1DB9-4C2F-A58D-EB9381018AAD}.Debug|Any CPU.ActiveCfg = Debug|Any CPU
		{FE88E92D-1DB9-4C2F-A58D-EB9381018AAD}.Debug|Any CPU.Build.0 = Debug|Any CPU
		{FE88E92D-1DB9-4C2F-A58D-EB9381018AAD}.Release|Any CPU.ActiveCfg = Release|Any CPU
		{FE88E92D-1DB9-4C2F-A58D-EB9381018AAD}.Release|Any CPU.Build.0 = Release|Any CPU
		{967D2EC0-A49F-4554-9772-A50C38AE5CDB}.Debug|Any CPU.ActiveCfg = Debug|Any CPU
		{967D2EC0-A49F-4554-9772-A50C38AE5CDB}.Debug|Any CPU.Build.0 = Debug|Any CPU
		{967D2EC0-A49F-4554-9772-A50C38AE5CDB}.Release|Any CPU.ActiveCfg = Release|Any CPU
		{967D2EC0-A49F-4554-9772-A50C38AE5CDB}.Release|Any CPU.Build.0 = Release|Any CPU
		{3F894C07-6CB8-4E67-B7C0-B8BFB87E62AA}.Debug|Any CPU.ActiveCfg = Debug|Any CPU
		{3F894C07-6CB8-4E67-B7C0-B8BFB87E62AA}.Debug|Any CPU.Build.0 = Debug|Any CPU
		{3F894C07-6CB8-4E67-B7C0-B8BFB87E62AA}.Release|Any CPU.ActiveCfg = Release|Any CPU
		{3F894C07-6CB8-4E67-B7C0-B8BFB87E62AA}.Release|Any CPU.Build.0 = Release|Any CPU
		{3936453E-97FE-4130-80B3-742F55FC8E5F}.Debug|Any CPU.ActiveCfg = Debug|Any CPU
		{3936453E-97FE-4130-80B3-742F55FC8E5F}.Debug|Any CPU.Build.0 = Debug|Any CPU
		{3936453E-97FE-4130-80B3-742F55FC8E5F}.Release|Any CPU.ActiveCfg = Release|Any CPU
		{3936453E-97FE-4130-80B3-742F55FC8E5F}.Release|Any CPU.Build.0 = Release|Any CPU
		{39E5391D-830E-4136-9C26-1FD9909E4B5D}.Debug|Any CPU.ActiveCfg = Debug|Any CPU
		{39E5391D-830E-4136-9C26-1FD9909E4B5D}.Debug|Any CPU.Build.0 = Debug|Any CPU
		{39E5391D-830E-4136-9C26-1FD9909E4B5D}.Release|Any CPU.ActiveCfg = Release|Any CPU
		{39E5391D-830E-4136-9C26-1FD9909E4B5D}.Release|Any CPU.Build.0 = Release|Any CPU
	EndGlobalSection
	GlobalSection(SolutionProperties) = preSolution
		HideSolutionNode = FALSE
	EndGlobalSection
	GlobalSection(ExtensibilityGlobals) = postSolution
		SolutionGuid = {75F6B417-8E1D-4EB4-ACB1-6806FF15EA79}
	EndGlobalSection
EndGlobal
